
Microsoft Visual Studio Solution File, Format Version 12.00
# Visual Studio 15
VisualStudioVersion = 15.0.28010.2046
MinimumVisualStudioVersion = 10.0.40219.1
Project("{FAE04EC0-301F-11D3-BF4B-00C04F79EFBC}") = "WebPrac4", "WebPrac4\WebPrac4.csproj", "{88DD1B19-29A3-48E9-AA95-A6916934634A}"
EndProject
Global
	GlobalSection(SolutionConfigurationPlatforms) = preSolution
		Debug|Any CPU = Debug|Any CPU
		Release|Any CPU = Release|Any CPU
	EndGlobalSection
	GlobalSection(ProjectConfigurationPlatforms) = postSolution
		{88DD1B19-29A3-48E9-AA95-A6916934634A}.Debug|Any CPU.ActiveCfg = Debug|Any CPU
		{88DD1B19-29A3-48E9-AA95-A6916934634A}.Debug|Any CPU.Build.0 = Debug|Any CPU
		{88DD1B19-29A3-48E9-AA95-A6916934634A}.Release|Any CPU.ActiveCfg = Release|Any CPU
		{88DD1B19-29A3-48E9-AA95-A6916934634A}.Release|Any CPU.Build.0 = Release|Any CPU
	EndGlobalSection
	GlobalSection(SolutionProperties) = preSolution
		HideSolutionNode = FALSE
	EndGlobalSection
	GlobalSection(ExtensibilityGlobals) = postSolution
		SolutionGuid = {E84DDE5C-2E4D-4CF1-8605-4D6596139428}
	EndGlobalSection
EndGlobal
